
Microsoft Visual Studio Solution File, Format Version 12.00
# Visual Studio Version 17
VisualStudioVersion = 17.5.33530.505
MinimumVisualStudioVersion = 10.0.40219.1
Project("{FAE04EC0-301F-11D3-BF4B-00C04F79EFBC}") = "DataGridViewNumericUpDownElements", "DataGridViewNumericUpDownElements\DataGridViewNumericUpDownElements.csproj", "{82B50731-BE90-433F-BB6E-9B509C5F3B7C}"
EndProject
Project("{FAE04EC0-301F-11D3-BF4B-00C04F79EFBC}") = "GridViewCheckBoxColumn", "GridViewCheckBoxColumn\GridViewCheckBoxColumn.csproj", "{0EDB5FF6-CB2A-43AE-A0C9-84514A54FA4A}"
EndProject
Project("{FAE04EC0-301F-11D3-BF4B-00C04F79EFBC}") = "ImageLib", "ImageLib\ImageLib.csproj", "{6C82324B-FA15-4049-906D-FDCCBE3F5EA6}"
EndProject
Project("{FAE04EC0-301F-11D3-BF4B-00C04F79EFBC}") = "SecurityLib", "SecurityLib\SecurityLib.csproj", "{E815658F-107E-4156-9C37-B1AC12A7FBBB}"
EndProject
Project("{FAE04EC0-301F-11D3-BF4B-00C04F79EFBC}") = "SettingsLib", "Settings\SettingsLib.csproj", "{03EA48F0-75F0-4608-ACCE-B5DE1BEFDC33}"
EndProject
Project("{FAE04EC0-301F-11D3-BF4B-00C04F79EFBC}") = "ToolsLib", "ToolsLib\ToolsLib.csproj", "{6CDC695B-8C66-42A7-A375-7D048EDBFA0A}"
EndProject
Project("{FAE04EC0-301F-11D3-BF4B-00C04F79EFBC}") = "WebServiceLib", "WebServiceLib\WebServiceLib.csproj", "{8E3A72BA-CE0B-4144-85E1-7587296140C9}"
EndProject
Project("{FAE04EC0-301F-11D3-BF4B-00C04F79EFBC}") = "CardReaderEnterLib", "CardReader\CardReaderEnterLib.csproj", "{3A25FF52-CDE9-4A17-8FE5-729BB4442587}"
EndProject
Project("{FAE04EC0-301F-11D3-BF4B-00C04F79EFBC}") = "CardReaderExitLib", "CardReader2Lib\CardReaderExitLib.csproj", "{A133CDFB-D95A-47B9-B81F-0887FDCDAF99}"
EndProject
Project("{FAE04EC0-301F-11D3-BF4B-00C04F79EFBC}") = "CameraLib", "CameraLib\CameraLib.csproj", "{BB58477A-B3B2-4849-9515-3AA169978AA0}"
EndProject
Project("{FAE04EC0-301F-11D3-BF4B-00C04F79EFBC}") = "PrinterLib", "PrinterLib\PrinterLib.csproj", "{019BD7D5-A6A4-4421-8790-DEBF3E021E21}"
EndProject
Project("{FAE04EC0-301F-11D3-BF4B-00C04F79EFBC}") = "ExportFileLib", "ExportFileLib\ExportFileLib.csproj", "{9B988F6F-1ED2-4AE0-AD93-F46E553CDACB}"
	ProjectSection(ProjectDependencies) = postProject
		{A84E1491-4EF5-47FC-BBDB-8AD0F59100F7} = {A84E1491-4EF5-47FC-BBDB-8AD0F59100F7}
	EndProjectSection
EndProject
Project("{FAE04EC0-301F-11D3-BF4B-00C04F79EFBC}") = "SerialPortLib", "SerialPortLib\SerialPortLib.csproj", "{A177CCF3-AD45-4D09-A059-B79A4922BEFA}"
EndProject
Project("{FAE04EC0-301F-11D3-BF4B-00C04F79EFBC}") = "OpenExcel", "OpenExcel\OpenExcel.csproj", "{A84E1491-4EF5-47FC-BBDB-8AD0F59100F7}"
EndProject
Project("{FAE04EC0-301F-11D3-BF4B-00C04F79EFBC}") = "DocX", "DocX\DocX.csproj", "{E863D072-AA8B-4108-B5F1-785241B37F67}"
EndProject
Project("{FAE04EC0-301F-11D3-BF4B-00C04F79EFBC}") = "DataBaseLib", "DataBaseLib\DataBaseLib.csproj", "{1C662D34-EBFE-4BDF-A35F-F970DCE6E1C2}"
EndProject
Project("{FAE04EC0-301F-11D3-BF4B-00C04F79EFBC}") = "ManagedOpenSsl", "ManagedOpenSsl\ManagedOpenSsl.csproj", "{73DCC218-655B-485F-8EAC-0CE5F2F7343D}"
EndProject
Project("{FAE04EC0-301F-11D3-BF4B-00C04F79EFBC}") = "DateTimeSelector", "datetimeselector\DateTimeSelector.csproj", "{E0296F96-CDFE-465C-A2AB-024A55765493}"
EndProject
Project("{F088123C-0E9E-452A-89E6-6BA2F21D5CAC}") = "ModelingProjectParsPark", "ModelingProjectParsPark\ModelingProjectParsPark.modelproj", "{0C8A2502-1D2B-4865-9563-2CAF56C9FEBF}"
EndProject
Project("{FAE04EC0-301F-11D3-BF4B-00C04F79EFBC}") = "ParsPark", "ParsPark\ParsPark.csproj", "{FFDB93BB-C701-4995-8FED-EA8CC41D73EC}"
EndProject
Global
	GlobalSection(SolutionConfigurationPlatforms) = preSolution
		Debug|Any CPU = Debug|Any CPU
		Debug|x64 = Debug|x64
		Debug|x86 = Debug|x86
		Release|Any CPU = Release|Any CPU
		Release|x64 = Release|x64
		Release|x86 = Release|x86
		Trace|Any CPU = Trace|Any CPU
		Trace|x64 = Trace|x64
		Trace|x86 = Trace|x86
	EndGlobalSection
	GlobalSection(ProjectConfigurationPlatforms) = postSolution
		{82B50731-BE90-433F-BB6E-9B509C5F3B7C}.Debug|Any CPU.ActiveCfg = Release|Any CPU
		{82B50731-BE90-433F-BB6E-9B509C5F3B7C}.Debug|Any CPU.Build.0 = Release|Any CPU
		{82B50731-BE90-433F-BB6E-9B509C5F3B7C}.Debug|x64.ActiveCfg = Debug|Any CPU
		{82B50731-BE90-433F-BB6E-9B509C5F3B7C}.Debug|x64.Build.0 = Debug|Any CPU
		{82B50731-BE90-433F-BB6E-9B509C5F3B7C}.Debug|x86.ActiveCfg = Debug|Any CPU
		{82B50731-BE90-433F-BB6E-9B509C5F3B7C}.Debug|x86.Build.0 = Debug|Any CPU
		{82B50731-BE90-433F-BB6E-9B509C5F3B7C}.Release|Any CPU.ActiveCfg = Release|Any CPU
		{82B50731-BE90-433F-BB6E-9B509C5F3B7C}.Release|Any CPU.Build.0 = Release|Any CPU
		{82B50731-BE90-433F-BB6E-9B509C5F3B7C}.Release|x64.ActiveCfg = Release|Any CPU
		{82B50731-BE90-433F-BB6E-9B509C5F3B7C}.Release|x64.Build.0 = Release|Any CPU
		{82B50731-BE90-433F-BB6E-9B509C5F3B7C}.Release|x86.ActiveCfg = Release|Any CPU
		{82B50731-BE90-433F-BB6E-9B509C5F3B7C}.Release|x86.Build.0 = Release|Any CPU
		{82B50731-BE90-433F-BB6E-9B509C5F3B7C}.Trace|Any CPU.ActiveCfg = Release|Any CPU
		{82B50731-BE90-433F-BB6E-9B509C5F3B7C}.Trace|Any CPU.Build.0 = Release|Any CPU
		{82B50731-BE90-433F-BB6E-9B509C5F3B7C}.Trace|x64.ActiveCfg = Release|Any CPU
		{82B50731-BE90-433F-BB6E-9B509C5F3B7C}.Trace|x64.Build.0 = Release|Any CPU
		{82B50731-BE90-433F-BB6E-9B509C5F3B7C}.Trace|x86.ActiveCfg = Release|Any CPU
		{82B50731-BE90-433F-BB6E-9B509C5F3B7C}.Trace|x86.Build.0 = Release|Any CPU
		{0EDB5FF6-CB2A-43AE-A0C9-84514A54FA4A}.Debug|Any CPU.ActiveCfg = Release|Any CPU
		{0EDB5FF6-CB2A-43AE-A0C9-84514A54FA4A}.Debug|Any CPU.Build.0 = Release|Any CPU
		{0EDB5FF6-CB2A-43AE-A0C9-84514A54FA4A}.Debug|x64.ActiveCfg = Debug|Any CPU
		{0EDB5FF6-CB2A-43AE-A0C9-84514A54FA4A}.Debug|x64.Build.0 = Debug|Any CPU
		{0EDB5FF6-CB2A-43AE-A0C9-84514A54FA4A}.Debug|x86.ActiveCfg = Debug|Any CPU
		{0EDB5FF6-CB2A-43AE-A0C9-84514A54FA4A}.Debug|x86.Build.0 = Debug|Any CPU
		{0EDB5FF6-CB2A-43AE-A0C9-84514A54FA4A}.Release|Any CPU.ActiveCfg = Release|Any CPU
		{0EDB5FF6-CB2A-43AE-A0C9-84514A54FA4A}.Release|Any CPU.Build.0 = Release|Any CPU
		{0EDB5FF6-CB2A-43AE-A0C9-84514A54FA4A}.Release|x64.ActiveCfg = Release|Any CPU
		{0EDB5FF6-CB2A-43AE-A0C9-84514A54FA4A}.Release|x64.Build.0 = Release|Any CPU
		{0EDB5FF6-CB2A-43AE-A0C9-84514A54FA4A}.Release|x86.ActiveCfg = Release|Any CPU
		{0EDB5FF6-CB2A-43AE-A0C9-84514A54FA4A}.Release|x86.Build.0 = Release|Any CPU
		{0EDB5FF6-CB2A-43AE-A0C9-84514A54FA4A}.Trace|Any CPU.ActiveCfg = Release|Any CPU
		{0EDB5FF6-CB2A-43AE-A0C9-84514A54FA4A}.Trace|Any CPU.Build.0 = Release|Any CPU
		{0EDB5FF6-CB2A-43AE-A0C9-84514A54FA4A}.Trace|x64.ActiveCfg = Release|Any CPU
		{0EDB5FF6-CB2A-43AE-A0C9-84514A54FA4A}.Trace|x64.Build.0 = Release|Any CPU
		{0EDB5FF6-CB2A-43AE-A0C9-84514A54FA4A}.Trace|x86.ActiveCfg = Release|Any CPU
		{0EDB5FF6-CB2A-43AE-A0C9-84514A54FA4A}.Trace|x86.Build.0 = Release|Any CPU
		{6C82324B-FA15-4049-906D-FDCCBE3F5EA6}.Debug|Any CPU.ActiveCfg = Release|Any CPU
		{6C82324B-FA15-4049-906D-FDCCBE3F5EA6}.Debug|Any CPU.Build.0 = Release|Any CPU
		{6C82324B-FA15-4049-906D-FDCCBE3F5EA6}.Debug|x64.ActiveCfg = Debug|Any CPU
		{6C82324B-FA15-4049-906D-FDCCBE3F5EA6}.Debug|x64.Build.0 = Debug|Any CPU
		{6C82324B-FA15-4049-906D-FDCCBE3F5EA6}.Debug|x86.ActiveCfg = Debug|Any CPU
		{6C82324B-FA15-4049-906D-FDCCBE3F5EA6}.Debug|x86.Build.0 = Debug|Any CPU
		{6C82324B-FA15-4049-906D-FDCCBE3F5EA6}.Release|Any CPU.ActiveCfg = Release|Any CPU
		{6C82324B-FA15-4049-906D-FDCCBE3F5EA6}.Release|Any CPU.Build.0 = Release|Any CPU
		{6C82324B-FA15-4049-906D-FDCCBE3F5EA6}.Release|x64.ActiveCfg = Release|Any CPU
		{6C82324B-FA15-4049-906D-FDCCBE3F5EA6}.Release|x64.Build.0 = Release|Any CPU
		{6C82324B-FA15-4049-906D-FDCCBE3F5EA6}.Release|x86.ActiveCfg = Release|Any CPU
		{6C82324B-FA15-4049-906D-FDCCBE3F5EA6}.Release|x86.Build.0 = Release|Any CPU
		{6C82324B-FA15-4049-906D-FDCCBE3F5EA6}.Trace|Any CPU.ActiveCfg = Release|Any CPU
		{6C82324B-FA15-4049-906D-FDCCBE3F5EA6}.Trace|Any CPU.Build.0 = Release|Any CPU
		{6C82324B-FA15-4049-906D-FDCCBE3F5EA6}.Trace|x64.ActiveCfg = Release|Any CPU
		{6C82324B-FA15-4049-906D-FDCCBE3F5EA6}.Trace|x64.Build.0 = Release|Any CPU
		{6C82324B-FA15-4049-906D-FDCCBE3F5EA6}.Trace|x86.ActiveCfg = Release|Any CPU
		{6C82324B-FA15-4049-906D-FDCCBE3F5EA6}.Trace|x86.Build.0 = Release|Any CPU
		{E815658F-107E-4156-9C37-B1AC12A7FBBB}.Debug|Any CPU.ActiveCfg = Release|Any CPU
		{E815658F-107E-4156-9C37-B1AC12A7FBBB}.Debug|Any CPU.Build.0 = Release|Any CPU
		{E815658F-107E-4156-9C37-B1AC12A7FBBB}.Debug|x64.ActiveCfg = Debug|Any CPU
		{E815658F-107E-4156-9C37-B1AC12A7FBBB}.Debug|x64.Build.0 = Debug|Any CPU
		{E815658F-107E-4156-9C37-B1AC12A7FBBB}.Debug|x86.ActiveCfg = Debug|Any CPU
		{E815658F-107E-4156-9C37-B1AC12A7FBBB}.Debug|x86.Build.0 = Debug|Any CPU
		{E815658F-107E-4156-9C37-B1AC12A7FBBB}.Release|Any CPU.ActiveCfg = Release|Any CPU
		{E815658F-107E-4156-9C37-B1AC12A7FBBB}.Release|Any CPU.Build.0 = Release|Any CPU
		{E815658F-107E-4156-9C37-B1AC12A7FBBB}.Release|x64.ActiveCfg = Release|Any CPU
		{E815658F-107E-4156-9C37-B1AC12A7FBBB}.Release|x64.Build.0 = Release|Any CPU
		{E815658F-107E-4156-9C37-B1AC12A7FBBB}.Release|x86.ActiveCfg = Release|Any CPU
		{E815658F-107E-4156-9C37-B1AC12A7FBBB}.Release|x86.Build.0 = Release|Any CPU
		{E815658F-107E-4156-9C37-B1AC12A7FBBB}.Trace|Any CPU.ActiveCfg = Release|Any CPU
		{E815658F-107E-4156-9C37-B1AC12A7FBBB}.Trace|Any CPU.Build.0 = Release|Any CPU
		{E815658F-107E-4156-9C37-B1AC12A7FBBB}.Trace|x64.ActiveCfg = Release|Any CPU
		{E815658F-107E-4156-9C37-B1AC12A7FBBB}.Trace|x64.Build.0 = Release|Any CPU
		{E815658F-107E-4156-9C37-B1AC12A7FBBB}.Trace|x86.ActiveCfg = Release|Any CPU
		{E815658F-107E-4156-9C37-B1AC12A7FBBB}.Trace|x86.Build.0 = Release|Any CPU
		{03EA48F0-75F0-4608-ACCE-B5DE1BEFDC33}.Debug|Any CPU.ActiveCfg = Release|Any CPU
		{03EA48F0-75F0-4608-ACCE-B5DE1BEFDC33}.Debug|Any CPU.Build.0 = Release|Any CPU
		{03EA48F0-75F0-4608-ACCE-B5DE1BEFDC33}.Debug|x64.ActiveCfg = Debug|Any CPU
		{03EA48F0-75F0-4608-ACCE-B5DE1BEFDC33}.Debug|x64.Build.0 = Debug|Any CPU
		{03EA48F0-75F0-4608-ACCE-B5DE1BEFDC33}.Debug|x86.ActiveCfg = Debug|Any CPU
		{03EA48F0-75F0-4608-ACCE-B5DE1BEFDC33}.Debug|x86.Build.0 = Debug|Any CPU
		{03EA48F0-75F0-4608-ACCE-B5DE1BEFDC33}.Release|Any CPU.ActiveCfg = Release|Any CPU
		{03EA48F0-75F0-4608-ACCE-B5DE1BEFDC33}.Release|Any CPU.Build.0 = Release|Any CPU
		{03EA48F0-75F0-4608-ACCE-B5DE1BEFDC33}.Release|x64.ActiveCfg = Release|Any CPU
		{03EA48F0-75F0-4608-ACCE-B5DE1BEFDC33}.Release|x64.Build.0 = Release|Any CPU
		{03EA48F0-75F0-4608-ACCE-B5DE1BEFDC33}.Release|x86.ActiveCfg = Release|Any CPU
		{03EA48F0-75F0-4608-ACCE-B5DE1BEFDC33}.Release|x86.Build.0 = Release|Any CPU
		{03EA48F0-75F0-4608-ACCE-B5DE1BEFDC33}.Trace|Any CPU.ActiveCfg = Release|Any CPU
		{03EA48F0-75F0-4608-ACCE-B5DE1BEFDC33}.Trace|Any CPU.Build.0 = Release|Any CPU
		{03EA48F0-75F0-4608-ACCE-B5DE1BEFDC33}.Trace|x64.ActiveCfg = Release|Any CPU
		{03EA48F0-75F0-4608-ACCE-B5DE1BEFDC33}.Trace|x64.Build.0 = Release|Any CPU
		{03EA48F0-75F0-4608-ACCE-B5DE1BEFDC33}.Trace|x86.ActiveCfg = Release|Any CPU
		{03EA48F0-75F0-4608-ACCE-B5DE1BEFDC33}.Trace|x86.Build.0 = Release|Any CPU
		{6CDC695B-8C66-42A7-A375-7D048EDBFA0A}.Debug|Any CPU.ActiveCfg = Release|Any CPU
		{6CDC695B-8C66-42A7-A375-7D048EDBFA0A}.Debug|Any CPU.Build.0 = Release|Any CPU
		{6CDC695B-8C66-42A7-A375-7D048EDBFA0A}.Debug|x64.ActiveCfg = Debug|Any CPU
		{6CDC695B-8C66-42A7-A375-7D048EDBFA0A}.Debug|x64.Build.0 = Debug|Any CPU
		{6CDC695B-8C66-42A7-A375-7D048EDBFA0A}.Debug|x86.ActiveCfg = Debug|Any CPU
		{6CDC695B-8C66-42A7-A375-7D048EDBFA0A}.Debug|x86.Build.0 = Debug|Any CPU
		{6CDC695B-8C66-42A7-A375-7D048EDBFA0A}.Release|Any CPU.ActiveCfg = Release|Any CPU
		{6CDC695B-8C66-42A7-A375-7D048EDBFA0A}.Release|Any CPU.Build.0 = Release|Any CPU
		{6CDC695B-8C66-42A7-A375-7D048EDBFA0A}.Release|x64.ActiveCfg = Release|Any CPU
		{6CDC695B-8C66-42A7-A375-7D048EDBFA0A}.Release|x64.Build.0 = Release|Any CPU
		{6CDC695B-8C66-42A7-A375-7D048EDBFA0A}.Release|x86.ActiveCfg = Release|Any CPU
		{6CDC695B-8C66-42A7-A375-7D048EDBFA0A}.Release|x86.Build.0 = Release|Any CPU
		{6CDC695B-8C66-42A7-A375-7D048EDBFA0A}.Trace|Any CPU.ActiveCfg = Release|Any CPU
		{6CDC695B-8C66-42A7-A375-7D048EDBFA0A}.Trace|Any CPU.Build.0 = Release|Any CPU
		{6CDC695B-8C66-42A7-A375-7D048EDBFA0A}.Trace|x64.ActiveCfg = Release|Any CPU
		{6CDC695B-8C66-42A7-A375-7D048EDBFA0A}.Trace|x64.Build.0 = Release|Any CPU
		{6CDC695B-8C66-42A7-A375-7D048EDBFA0A}.Trace|x86.ActiveCfg = Release|Any CPU
		{6CDC695B-8C66-42A7-A375-7D048EDBFA0A}.Trace|x86.Build.0 = Release|Any CPU
		{8E3A72BA-CE0B-4144-85E1-7587296140C9}.Debug|Any CPU.ActiveCfg = Release|Any CPU
		{8E3A72BA-CE0B-4144-85E1-7587296140C9}.Debug|Any CPU.Build.0 = Release|Any CPU
		{8E3A72BA-CE0B-4144-85E1-7587296140C9}.Debug|x64.ActiveCfg = Debug|Any CPU
		{8E3A72BA-CE0B-4144-85E1-7587296140C9}.Debug|x64.Build.0 = Debug|Any CPU
		{8E3A72BA-CE0B-4144-85E1-7587296140C9}.Debug|x86.ActiveCfg = Debug|Any CPU
		{8E3A72BA-CE0B-4144-85E1-7587296140C9}.Debug|x86.Build.0 = Debug|Any CPU
		{8E3A72BA-CE0B-4144-85E1-7587296140C9}.Release|Any CPU.ActiveCfg = Release|Any CPU
		{8E3A72BA-CE0B-4144-85E1-7587296140C9}.Release|Any CPU.Build.0 = Release|Any CPU
		{8E3A72BA-CE0B-4144-85E1-7587296140C9}.Release|x64.ActiveCfg = Release|Any CPU
		{8E3A72BA-CE0B-4144-85E1-7587296140C9}.Release|x64.Build.0 = Release|Any CPU
		{8E3A72BA-CE0B-4144-85E1-7587296140C9}.Release|x86.ActiveCfg = Release|Any CPU
		{8E3A72BA-CE0B-4144-85E1-7587296140C9}.Release|x86.Build.0 = Release|Any CPU
		{8E3A72BA-CE0B-4144-85E1-7587296140C9}.Trace|Any CPU.ActiveCfg = Release|Any CPU
		{8E3A72BA-CE0B-4144-85E1-7587296140C9}.Trace|Any CPU.Build.0 = Release|Any CPU
		{8E3A72BA-CE0B-4144-85E1-7587296140C9}.Trace|x64.ActiveCfg = Release|Any CPU
		{8E3A72BA-CE0B-4144-85E1-7587296140C9}.Trace|x64.Build.0 = Release|Any CPU
		{8E3A72BA-CE0B-4144-85E1-7587296140C9}.Trace|x86.ActiveCfg = Release|Any CPU
		{8E3A72BA-CE0B-4144-85E1-7587296140C9}.Trace|x86.Build.0 = Release|Any CPU
		{3A25FF52-CDE9-4A17-8FE5-729BB4442587}.Debug|Any CPU.ActiveCfg = Release|Any CPU
		{3A25FF52-CDE9-4A17-8FE5-729BB4442587}.Debug|Any CPU.Build.0 = Release|Any CPU
		{3A25FF52-CDE9-4A17-8FE5-729BB4442587}.Debug|x64.ActiveCfg = Debug|Any CPU
		{3A25FF52-CDE9-4A17-8FE5-729BB4442587}.Debug|x64.Build.0 = Debug|Any CPU
		{3A25FF52-CDE9-4A17-8FE5-729BB4442587}.Debug|x86.ActiveCfg = Debug|Any CPU
		{3A25FF52-CDE9-4A17-8FE5-729BB4442587}.Debug|x86.Build.0 = Debug|Any CPU
		{3A25FF52-CDE9-4A17-8FE5-729BB4442587}.Release|Any CPU.ActiveCfg = Release|Any CPU
		{3A25FF52-CDE9-4A17-8FE5-729BB4442587}.Release|Any CPU.Build.0 = Release|Any CPU
		{3A25FF52-CDE9-4A17-8FE5-729BB4442587}.Release|x64.ActiveCfg = Release|Any CPU
		{3A25FF52-CDE9-4A17-8FE5-729BB4442587}.Release|x64.Build.0 = Release|Any CPU
		{3A25FF52-CDE9-4A17-8FE5-729BB4442587}.Release|x86.ActiveCfg = Release|Any CPU
		{3A25FF52-CDE9-4A17-8FE5-729BB4442587}.Release|x86.Build.0 = Release|Any CPU
		{3A25FF52-CDE9-4A17-8FE5-729BB4442587}.Trace|Any CPU.ActiveCfg = Release|Any CPU
		{3A25FF52-CDE9-4A17-8FE5-729BB4442587}.Trace|Any CPU.Build.0 = Release|Any CPU
		{3A25FF52-CDE9-4A17-8FE5-729BB4442587}.Trace|x64.ActiveCfg = Release|Any CPU
		{3A25FF52-CDE9-4A17-8FE5-729BB4442587}.Trace|x64.Build.0 = Release|Any CPU
		{3A25FF52-CDE9-4A17-8FE5-729BB4442587}.Trace|x86.ActiveCfg = Release|Any CPU
		{3A25FF52-CDE9-4A17-8FE5-729BB4442587}.Trace|x86.Build.0 = Release|Any CPU
		{A133CDFB-D95A-47B9-B81F-0887FDCDAF99}.Debug|Any CPU.ActiveCfg = Release|Any CPU
		{A133CDFB-D95A-47B9-B81F-0887FDCDAF99}.Debug|Any CPU.Build.0 = Release|Any CPU
		{A133CDFB-D95A-47B9-B81F-0887FDCDAF99}.Debug|x64.ActiveCfg = Debug|Any CPU
		{A133CDFB-D95A-47B9-B81F-0887FDCDAF99}.Debug|x64.Build.0 = Debug|Any CPU
		{A133CDFB-D95A-47B9-B81F-0887FDCDAF99}.Debug|x86.ActiveCfg = Debug|Any CPU
		{A133CDFB-D95A-47B9-B81F-0887FDCDAF99}.Debug|x86.Build.0 = Debug|Any CPU
		{A133CDFB-D95A-47B9-B81F-0887FDCDAF99}.Release|Any CPU.ActiveCfg = Release|Any CPU
		{A133CDFB-D95A-47B9-B81F-0887FDCDAF99}.Release|Any CPU.Build.0 = Release|Any CPU
		{A133CDFB-D95A-47B9-B81F-0887FDCDAF99}.Release|x64.ActiveCfg = Release|Any CPU
		{A133CDFB-D95A-47B9-B81F-0887FDCDAF99}.Release|x64.Build.0 = Release|Any CPU
		{A133CDFB-D95A-47B9-B81F-0887FDCDAF99}.Release|x86.ActiveCfg = Release|Any CPU
		{A133CDFB-D95A-47B9-B81F-0887FDCDAF99}.Release|x86.Build.0 = Release|Any CPU
		{A133CDFB-D95A-47B9-B81F-0887FDCDAF99}.Trace|Any CPU.ActiveCfg = Release|Any CPU
		{A133CDFB-D95A-47B9-B81F-0887FDCDAF99}.Trace|Any CPU.Build.0 = Release|Any CPU
		{A133CDFB-D95A-47B9-B81F-0887FDCDAF99}.Trace|x64.ActiveCfg = Release|Any CPU
		{A133CDFB-D95A-47B9-B81F-0887FDCDAF99}.Trace|x64.Build.0 = Release|Any CPU
		{A133CDFB-D95A-47B9-B81F-0887FDCDAF99}.Trace|x86.ActiveCfg = Release|Any CPU
		{A133CDFB-D95A-47B9-B81F-0887FDCDAF99}.Trace|x86.Build.0 = Release|Any CPU
		{BB58477A-B3B2-4849-9515-3AA169978AA0}.Debug|Any CPU.ActiveCfg = Release|Any CPU
		{BB58477A-B3B2-4849-9515-3AA169978AA0}.Debug|Any CPU.Build.0 = Release|Any CPU
		{BB58477A-B3B2-4849-9515-3AA169978AA0}.Debug|x64.ActiveCfg = Debug|Any CPU
		{BB58477A-B3B2-4849-9515-3AA169978AA0}.Debug|x64.Build.0 = Debug|Any CPU
		{BB58477A-B3B2-4849-9515-3AA169978AA0}.Debug|x86.ActiveCfg = Debug|Any CPU
		{BB58477A-B3B2-4849-9515-3AA169978AA0}.Debug|x86.Build.0 = Debug|Any CPU
		{BB58477A-B3B2-4849-9515-3AA169978AA0}.Release|Any CPU.ActiveCfg = Release|Any CPU
		{BB58477A-B3B2-4849-9515-3AA169978AA0}.Release|Any CPU.Build.0 = Release|Any CPU
		{BB58477A-B3B2-4849-9515-3AA169978AA0}.Release|x64.ActiveCfg = Release|Any CPU
		{BB58477A-B3B2-4849-9515-3AA169978AA0}.Release|x64.Build.0 = Release|Any CPU
		{BB58477A-B3B2-4849-9515-3AA169978AA0}.Release|x86.ActiveCfg = Release|Any CPU
		{BB58477A-B3B2-4849-9515-3AA169978AA0}.Release|x86.Build.0 = Release|Any CPU
		{BB58477A-B3B2-4849-9515-3AA169978AA0}.Trace|Any CPU.ActiveCfg = Release|Any CPU
		{BB58477A-B3B2-4849-9515-3AA169978AA0}.Trace|Any CPU.Build.0 = Release|Any CPU
		{BB58477A-B3B2-4849-9515-3AA169978AA0}.Trace|x64.ActiveCfg = Release|Any CPU
		{BB58477A-B3B2-4849-9515-3AA169978AA0}.Trace|x64.Build.0 = Release|Any CPU
		{BB58477A-B3B2-4849-9515-3AA169978AA0}.Trace|x86.ActiveCfg = Release|Any CPU
		{BB58477A-B3B2-4849-9515-3AA169978AA0}.Trace|x86.Build.0 = Release|Any CPU
		{019BD7D5-A6A4-4421-8790-DEBF3E021E21}.Debug|Any CPU.ActiveCfg = Release|Any CPU
		{019BD7D5-A6A4-4421-8790-DEBF3E021E21}.Debug|Any CPU.Build.0 = Release|Any CPU
		{019BD7D5-A6A4-4421-8790-DEBF3E021E21}.Debug|x64.ActiveCfg = Debug|Any CPU
		{019BD7D5-A6A4-4421-8790-DEBF3E021E21}.Debug|x64.Build.0 = Debug|Any CPU
		{019BD7D5-A6A4-4421-8790-DEBF3E021E21}.Debug|x86.ActiveCfg = Debug|Any CPU
		{019BD7D5-A6A4-4421-8790-DEBF3E021E21}.Debug|x86.Build.0 = Debug|Any CPU
		{019BD7D5-A6A4-4421-8790-DEBF3E021E21}.Release|Any CPU.ActiveCfg = Release|Any CPU
		{019BD7D5-A6A4-4421-8790-DEBF3E021E21}.Release|Any CPU.Build.0 = Release|Any CPU
		{019BD7D5-A6A4-4421-8790-DEBF3E021E21}.Release|x64.ActiveCfg = Release|Any CPU
		{019BD7D5-A6A4-4421-8790-DEBF3E021E21}.Release|x64.Build.0 = Release|Any CPU
		{019BD7D5-A6A4-4421-8790-DEBF3E021E21}.Release|x86.ActiveCfg = Release|Any CPU
		{019BD7D5-A6A4-4421-8790-DEBF3E021E21}.Release|x86.Build.0 = Release|Any CPU
		{019BD7D5-A6A4-4421-8790-DEBF3E021E21}.Trace|Any CPU.ActiveCfg = Release|Any CPU
		{019BD7D5-A6A4-4421-8790-DEBF3E021E21}.Trace|Any CPU.Build.0 = Release|Any CPU
		{019BD7D5-A6A4-4421-8790-DEBF3E021E21}.Trace|x64.ActiveCfg = Release|Any CPU
		{019BD7D5-A6A4-4421-8790-DEBF3E021E21}.Trace|x64.Build.0 = Release|Any CPU
		{019BD7D5-A6A4-4421-8790-DEBF3E021E21}.Trace|x86.ActiveCfg = Release|Any CPU
		{019BD7D5-A6A4-4421-8790-DEBF3E021E21}.Trace|x86.Build.0 = Release|Any CPU
		{9B988F6F-1ED2-4AE0-AD93-F46E553CDACB}.Debug|Any CPU.ActiveCfg = Release|Any CPU
		{9B988F6F-1ED2-4AE0-AD93-F46E553CDACB}.Debug|Any CPU.Build.0 = Release|Any CPU
		{9B988F6F-1ED2-4AE0-AD93-F46E553CDACB}.Debug|x64.ActiveCfg = Debug|Any CPU
		{9B988F6F-1ED2-4AE0-AD93-F46E553CDACB}.Debug|x64.Build.0 = Debug|Any CPU
		{9B988F6F-1ED2-4AE0-AD93-F46E553CDACB}.Debug|x86.ActiveCfg = Debug|Any CPU
		{9B988F6F-1ED2-4AE0-AD93-F46E553CDACB}.Debug|x86.Build.0 = Debug|Any CPU
		{9B988F6F-1ED2-4AE0-AD93-F46E553CDACB}.Release|Any CPU.ActiveCfg = Release|Any CPU
		{9B988F6F-1ED2-4AE0-AD93-F46E553CDACB}.Release|Any CPU.Build.0 = Release|Any CPU
		{9B988F6F-1ED2-4AE0-AD93-F46E553CDACB}.Release|x64.ActiveCfg = Release|Any CPU
		{9B988F6F-1ED2-4AE0-AD93-F46E553CDACB}.Release|x64.Build.0 = Release|Any CPU
		{9B988F6F-1ED2-4AE0-AD93-F46E553CDACB}.Release|x86.ActiveCfg = Release|Any CPU
		{9B988F6F-1ED2-4AE0-AD93-F46E553CDACB}.Release|x86.Build.0 = Release|Any CPU
		{9B988F6F-1ED2-4AE0-AD93-F46E553CDACB}.Trace|Any CPU.ActiveCfg = Release|Any CPU
		{9B988F6F-1ED2-4AE0-AD93-F46E553CDACB}.Trace|Any CPU.Build.0 = Release|Any CPU
		{9B988F6F-1ED2-4AE0-AD93-F46E553CDACB}.Trace|x64.ActiveCfg = Release|Any CPU
		{9B988F6F-1ED2-4AE0-AD93-F46E553CDACB}.Trace|x64.Build.0 = Release|Any CPU
		{9B988F6F-1ED2-4AE0-AD93-F46E553CDACB}.Trace|x86.ActiveCfg = Release|Any CPU
		{9B988F6F-1ED2-4AE0-AD93-F46E553CDACB}.Trace|x86.Build.0 = Release|Any CPU
		{A177CCF3-AD45-4D09-A059-B79A4922BEFA}.Debug|Any CPU.ActiveCfg = Release|Any CPU
		{A177CCF3-AD45-4D09-A059-B79A4922BEFA}.Debug|Any CPU.Build.0 = Release|Any CPU
		{A177CCF3-AD45-4D09-A059-B79A4922BEFA}.Debug|x64.ActiveCfg = Debug|Any CPU
		{A177CCF3-AD45-4D09-A059-B79A4922BEFA}.Debug|x64.Build.0 = Debug|Any CPU
		{A177CCF3-AD45-4D09-A059-B79A4922BEFA}.Debug|x86.ActiveCfg = Debug|Any CPU
		{A177CCF3-AD45-4D09-A059-B79A4922BEFA}.Debug|x86.Build.0 = Debug|Any CPU
		{A177CCF3-AD45-4D09-A059-B79A4922BEFA}.Release|Any CPU.ActiveCfg = Release|Any CPU
		{A177CCF3-AD45-4D09-A059-B79A4922BEFA}.Release|Any CPU.Build.0 = Release|Any CPU
		{A177CCF3-AD45-4D09-A059-B79A4922BEFA}.Release|x64.ActiveCfg = Release|Any CPU
		{A177CCF3-AD45-4D09-A059-B79A4922BEFA}.Release|x64.Build.0 = Release|Any CPU
		{A177CCF3-AD45-4D09-A059-B79A4922BEFA}.Release|x86.ActiveCfg = Release|Any CPU
		{A177CCF3-AD45-4D09-A059-B79A4922BEFA}.Release|x86.Build.0 = Release|Any CPU
		{A177CCF3-AD45-4D09-A059-B79A4922BEFA}.Trace|Any CPU.ActiveCfg = Release|Any CPU
		{A177CCF3-AD45-4D09-A059-B79A4922BEFA}.Trace|Any CPU.Build.0 = Release|Any CPU
		{A177CCF3-AD45-4D09-A059-B79A4922BEFA}.Trace|x64.ActiveCfg = Release|Any CPU
		{A177CCF3-AD45-4D09-A059-B79A4922BEFA}.Trace|x64.Build.0 = Release|Any CPU
		{A177CCF3-AD45-4D09-A059-B79A4922BEFA}.Trace|x86.ActiveCfg = Release|Any CPU
		{A177CCF3-AD45-4D09-A059-B79A4922BEFA}.Trace|x86.Build.0 = Release|Any CPU
		{A84E1491-4EF5-47FC-BBDB-8AD0F59100F7}.Debug|Any CPU.ActiveCfg = Release|Any CPU
		{A84E1491-4EF5-47FC-BBDB-8AD0F59100F7}.Debug|Any CPU.Build.0 = Release|Any CPU
		{A84E1491-4EF5-47FC-BBDB-8AD0F59100F7}.Debug|x64.ActiveCfg = Debug|Any CPU
		{A84E1491-4EF5-47FC-BBDB-8AD0F59100F7}.Debug|x64.Build.0 = Debug|Any CPU
		{A84E1491-4EF5-47FC-BBDB-8AD0F59100F7}.Debug|x86.ActiveCfg = Debug|Any CPU
		{A84E1491-4EF5-47FC-BBDB-8AD0F59100F7}.Debug|x86.Build.0 = Debug|Any CPU
		{A84E1491-4EF5-47FC-BBDB-8AD0F59100F7}.Release|Any CPU.ActiveCfg = Release|Any CPU
		{A84E1491-4EF5-47FC-BBDB-8AD0F59100F7}.Release|Any CPU.Build.0 = Release|Any CPU
		{A84E1491-4EF5-47FC-BBDB-8AD0F59100F7}.Release|x64.ActiveCfg = Release|Any CPU
		{A84E1491-4EF5-47FC-BBDB-8AD0F59100F7}.Release|x64.Build.0 = Release|Any CPU
		{A84E1491-4EF5-47FC-BBDB-8AD0F59100F7}.Release|x86.ActiveCfg = Release|Any CPU
		{A84E1491-4EF5-47FC-BBDB-8AD0F59100F7}.Release|x86.Build.0 = Release|Any CPU
		{A84E1491-4EF5-47FC-BBDB-8AD0F59100F7}.Trace|Any CPU.ActiveCfg = Release|Any CPU
		{A84E1491-4EF5-47FC-BBDB-8AD0F59100F7}.Trace|Any CPU.Build.0 = Release|Any CPU
		{A84E1491-4EF5-47FC-BBDB-8AD0F59100F7}.Trace|x64.ActiveCfg = Release|Any CPU
		{A84E1491-4EF5-47FC-BBDB-8AD0F59100F7}.Trace|x64.Build.0 = Release|Any CPU
		{A84E1491-4EF5-47FC-BBDB-8AD0F59100F7}.Trace|x86.ActiveCfg = Release|Any CPU
		{A84E1491-4EF5-47FC-BBDB-8AD0F59100F7}.Trace|x86.Build.0 = Release|Any CPU
		{E863D072-AA8B-4108-B5F1-785241B37F67}.Debug|Any CPU.ActiveCfg = Release|Any CPU
		{E863D072-AA8B-4108-B5F1-785241B37F67}.Debug|Any CPU.Build.0 = Release|Any CPU
		{E863D072-AA8B-4108-B5F1-785241B37F67}.Debug|x64.ActiveCfg = Debug|Any CPU
		{E863D072-AA8B-4108-B5F1-785241B37F67}.Debug|x64.Build.0 = Debug|Any CPU
		{E863D072-AA8B-4108-B5F1-785241B37F67}.Debug|x86.ActiveCfg = Debug|Any CPU
		{E863D072-AA8B-4108-B5F1-785241B37F67}.Debug|x86.Build.0 = Debug|Any CPU
		{E863D072-AA8B-4108-B5F1-785241B37F67}.Release|Any CPU.ActiveCfg = Release|Any CPU
		{E863D072-AA8B-4108-B5F1-785241B37F67}.Release|Any CPU.Build.0 = Release|Any CPU
		{E863D072-AA8B-4108-B5F1-785241B37F67}.Release|x64.ActiveCfg = Release|Any CPU
		{E863D072-AA8B-4108-B5F1-785241B37F67}.Release|x64.Build.0 = Release|Any CPU
		{E863D072-AA8B-4108-B5F1-785241B37F67}.Release|x86.ActiveCfg = Release|Any CPU
		{E863D072-AA8B-4108-B5F1-785241B37F67}.Release|x86.Build.0 = Release|Any CPU
		{E863D072-AA8B-4108-B5F1-785241B37F67}.Trace|Any CPU.ActiveCfg = Release|Any CPU
		{E863D072-AA8B-4108-B5F1-785241B37F67}.Trace|Any CPU.Build.0 = Release|Any CPU
		{E863D072-AA8B-4108-B5F1-785241B37F67}.Trace|x64.ActiveCfg = Release|Any CPU
		{E863D072-AA8B-4108-B5F1-785241B37F67}.Trace|x64.Build.0 = Release|Any CPU
		{E863D072-AA8B-4108-B5F1-785241B37F67}.Trace|x86.ActiveCfg = Release|Any CPU
		{E863D072-AA8B-4108-B5F1-785241B37F67}.Trace|x86.Build.0 = Release|Any CPU
		{1C662D34-EBFE-4BDF-A35F-F970DCE6E1C2}.Debug|Any CPU.ActiveCfg = Release|Any CPU
		{1C662D34-EBFE-4BDF-A35F-F970DCE6E1C2}.Debug|Any CPU.Build.0 = Release|Any CPU
		{1C662D34-EBFE-4BDF-A35F-F970DCE6E1C2}.Debug|x64.ActiveCfg = Debug|Any CPU
		{1C662D34-EBFE-4BDF-A35F-F970DCE6E1C2}.Debug|x64.Build.0 = Debug|Any CPU
		{1C662D34-EBFE-4BDF-A35F-F970DCE6E1C2}.Debug|x86.ActiveCfg = Debug|Any CPU
		{1C662D34-EBFE-4BDF-A35F-F970DCE6E1C2}.Debug|x86.Build.0 = Debug|Any CPU
		{1C662D34-EBFE-4BDF-A35F-F970DCE6E1C2}.Release|Any CPU.ActiveCfg = Release|Any CPU
		{1C662D34-EBFE-4BDF-A35F-F970DCE6E1C2}.Release|Any CPU.Build.0 = Release|Any CPU
		{1C662D34-EBFE-4BDF-A35F-F970DCE6E1C2}.Release|x64.ActiveCfg = Release|Any CPU
		{1C662D34-EBFE-4BDF-A35F-F970DCE6E1C2}.Release|x64.Build.0 = Release|Any CPU
		{1C662D34-EBFE-4BDF-A35F-F970DCE6E1C2}.Release|x86.ActiveCfg = Release|Any CPU
		{1C662D34-EBFE-4BDF-A35F-F970DCE6E1C2}.Release|x86.Build.0 = Release|Any CPU
		{1C662D34-EBFE-4BDF-A35F-F970DCE6E1C2}.Trace|Any CPU.ActiveCfg = Release|Any CPU
		{1C662D34-EBFE-4BDF-A35F-F970DCE6E1C2}.Trace|Any CPU.Build.0 = Release|Any CPU
		{1C662D34-EBFE-4BDF-A35F-F970DCE6E1C2}.Trace|x64.ActiveCfg = Release|Any CPU
		{1C662D34-EBFE-4BDF-A35F-F970DCE6E1C2}.Trace|x64.Build.0 = Release|Any CPU
		{1C662D34-EBFE-4BDF-A35F-F970DCE6E1C2}.Trace|x86.ActiveCfg = Release|Any CPU
		{1C662D34-EBFE-4BDF-A35F-F970DCE6E1C2}.Trace|x86.Build.0 = Release|Any CPU
		{73DCC218-655B-485F-8EAC-0CE5F2F7343D}.Debug|Any CPU.ActiveCfg = Release|Any CPU
		{73DCC218-655B-485F-8EAC-0CE5F2F7343D}.Debug|Any CPU.Build.0 = Release|Any CPU
		{73DCC218-655B-485F-8EAC-0CE5F2F7343D}.Debug|x64.ActiveCfg = Debug|Any CPU
		{73DCC218-655B-485F-8EAC-0CE5F2F7343D}.Debug|x64.Build.0 = Debug|Any CPU
		{73DCC218-655B-485F-8EAC-0CE5F2F7343D}.Debug|x86.ActiveCfg = Debug|Any CPU
		{73DCC218-655B-485F-8EAC-0CE5F2F7343D}.Debug|x86.Build.0 = Debug|Any CPU
		{73DCC218-655B-485F-8EAC-0CE5F2F7343D}.Release|Any CPU.ActiveCfg = Trace|Any CPU
		{73DCC218-655B-485F-8EAC-0CE5F2F7343D}.Release|Any CPU.Build.0 = Trace|Any CPU
		{73DCC218-655B-485F-8EAC-0CE5F2F7343D}.Release|x64.ActiveCfg = Debug|Any CPU
		{73DCC218-655B-485F-8EAC-0CE5F2F7343D}.Release|x64.Build.0 = Debug|Any CPU
		{73DCC218-655B-485F-8EAC-0CE5F2F7343D}.Release|x86.ActiveCfg = Trace|Any CPU
		{73DCC218-655B-485F-8EAC-0CE5F2F7343D}.Release|x86.Build.0 = Trace|Any CPU
		{73DCC218-655B-485F-8EAC-0CE5F2F7343D}.Trace|Any CPU.ActiveCfg = Trace|Any CPU
		{73DCC218-655B-485F-8EAC-0CE5F2F7343D}.Trace|Any CPU.Build.0 = Trace|Any CPU
		{73DCC218-655B-485F-8EAC-0CE5F2F7343D}.Trace|x64.ActiveCfg = Trace|Any CPU
		{73DCC218-655B-485F-8EAC-0CE5F2F7343D}.Trace|x64.Build.0 = Trace|Any CPU
		{73DCC218-655B-485F-8EAC-0CE5F2F7343D}.Trace|x86.ActiveCfg = Trace|Any CPU
		{73DCC218-655B-485F-8EAC-0CE5F2F7343D}.Trace|x86.Build.0 = Trace|Any CPU
		{E0296F96-CDFE-465C-A2AB-024A55765493}.Debug|Any CPU.ActiveCfg = Release|Any CPU
		{E0296F96-CDFE-465C-A2AB-024A55765493}.Debug|Any CPU.Build.0 = Release|Any CPU
		{E0296F96-CDFE-465C-A2AB-024A55765493}.Debug|x64.ActiveCfg = Debug|Any CPU
		{E0296F96-CDFE-465C-A2AB-024A55765493}.Debug|x64.Build.0 = Debug|Any CPU
		{E0296F96-CDFE-465C-A2AB-024A55765493}.Debug|x86.ActiveCfg = Debug|Any CPU
		{E0296F96-CDFE-465C-A2AB-024A55765493}.Debug|x86.Build.0 = Debug|Any CPU
		{E0296F96-CDFE-465C-A2AB-024A55765493}.Release|Any CPU.ActiveCfg = Release|Any CPU
		{E0296F96-CDFE-465C-A2AB-024A55765493}.Release|Any CPU.Build.0 = Release|Any CPU
		{E0296F96-CDFE-465C-A2AB-024A55765493}.Release|x64.ActiveCfg = Release|Any CPU
		{E0296F96-CDFE-465C-A2AB-024A55765493}.Release|x64.Build.0 = Release|Any CPU
		{E0296F96-CDFE-465C-A2AB-024A55765493}.Release|x86.ActiveCfg = Release|Any CPU
		{E0296F96-CDFE-465C-A2AB-024A55765493}.Release|x86.Build.0 = Release|Any CPU
		{E0296F96-CDFE-465C-A2AB-024A55765493}.Trace|Any CPU.ActiveCfg = Release|Any CPU
		{E0296F96-CDFE-465C-A2AB-024A55765493}.Trace|Any CPU.Build.0 = Release|Any CPU
		{E0296F96-CDFE-465C-A2AB-024A55765493}.Trace|x64.ActiveCfg = Release|Any CPU
		{E0296F96-CDFE-465C-A2AB-024A55765493}.Trace|x64.Build.0 = Release|Any CPU
		{E0296F96-CDFE-465C-A2AB-024A55765493}.Trace|x86.ActiveCfg = Release|Any CPU
		{E0296F96-CDFE-465C-A2AB-024A55765493}.Trace|x86.Build.0 = Release|Any CPU
		{0C8A2502-1D2B-4865-9563-2CAF56C9FEBF}.Debug|Any CPU.ActiveCfg = Release|Any CPU
		{0C8A2502-1D2B-4865-9563-2CAF56C9FEBF}.Debug|Any CPU.Build.0 = Release|Any CPU
		{0C8A2502-1D2B-4865-9563-2CAF56C9FEBF}.Debug|x64.ActiveCfg = Debug|Any CPU
		{0C8A2502-1D2B-4865-9563-2CAF56C9FEBF}.Debug|x64.Build.0 = Debug|Any CPU
		{0C8A2502-1D2B-4865-9563-2CAF56C9FEBF}.Debug|x86.ActiveCfg = Debug|Any CPU
		{0C8A2502-1D2B-4865-9563-2CAF56C9FEBF}.Debug|x86.Build.0 = Debug|Any CPU
		{0C8A2502-1D2B-4865-9563-2CAF56C9FEBF}.Release|Any CPU.ActiveCfg = Release|Any CPU
		{0C8A2502-1D2B-4865-9563-2CAF56C9FEBF}.Release|Any CPU.Build.0 = Release|Any CPU
		{0C8A2502-1D2B-4865-9563-2CAF56C9FEBF}.Release|x64.ActiveCfg = Release|Any CPU
		{0C8A2502-1D2B-4865-9563-2CAF56C9FEBF}.Release|x64.Build.0 = Release|Any CPU
		{0C8A2502-1D2B-4865-9563-2CAF56C9FEBF}.Release|x86.ActiveCfg = Release|Any CPU
		{0C8A2502-1D2B-4865-9563-2CAF56C9FEBF}.Release|x86.Build.0 = Release|Any CPU
		{0C8A2502-1D2B-4865-9563-2CAF56C9FEBF}.Trace|Any CPU.ActiveCfg = Release|Any CPU
		{0C8A2502-1D2B-4865-9563-2CAF56C9FEBF}.Trace|Any CPU.Build.0 = Release|Any CPU
		{0C8A2502-1D2B-4865-9563-2CAF56C9FEBF}.Trace|x64.ActiveCfg = Release|Any CPU
		{0C8A2502-1D2B-4865-9563-2CAF56C9FEBF}.Trace|x64.Build.0 = Release|Any CPU
		{0C8A2502-1D2B-4865-9563-2CAF56C9FEBF}.Trace|x86.ActiveCfg = Release|Any CPU
		{0C8A2502-1D2B-4865-9563-2CAF56C9FEBF}.Trace|x86.Build.0 = Release|Any CPU
		{FFDB93BB-C701-4995-8FED-EA8CC41D73EC}.Debug|Any CPU.ActiveCfg = Release|Any CPU
		{FFDB93BB-C701-4995-8FED-EA8CC41D73EC}.Debug|Any CPU.Build.0 = Release|Any CPU
		{FFDB93BB-C701-4995-8FED-EA8CC41D73EC}.Debug|x64.ActiveCfg = Debug|Any CPU
		{FFDB93BB-C701-4995-8FED-EA8CC41D73EC}.Debug|x64.Build.0 = Debug|Any CPU
		{FFDB93BB-C701-4995-8FED-EA8CC41D73EC}.Debug|x86.ActiveCfg = Debug|Any CPU
		{FFDB93BB-C701-4995-8FED-EA8CC41D73EC}.Debug|x86.Build.0 = Debug|Any CPU
		{FFDB93BB-C701-4995-8FED-EA8CC41D73EC}.Release|Any CPU.ActiveCfg = Release|Any CPU
		{FFDB93BB-C701-4995-8FED-EA8CC41D73EC}.Release|Any CPU.Build.0 = Release|Any CPU
		{FFDB93BB-C701-4995-8FED-EA8CC41D73EC}.Release|x64.ActiveCfg = Release|Any CPU
		{FFDB93BB-C701-4995-8FED-EA8CC41D73EC}.Release|x64.Build.0 = Release|Any CPU
		{FFDB93BB-C701-4995-8FED-EA8CC41D73EC}.Release|x86.ActiveCfg = Release|Any CPU
		{FFDB93BB-C701-4995-8FED-EA8CC41D73EC}.Release|x86.Build.0 = Release|Any CPU
		{FFDB93BB-C701-4995-8FED-EA8CC41D73EC}.Trace|Any CPU.ActiveCfg = Release|Any CPU
		{FFDB93BB-C701-4995-8FED-EA8CC41D73EC}.Trace|Any CPU.Build.0 = Release|Any CPU
		{FFDB93BB-C701-4995-8FED-EA8CC41D73EC}.Trace|x64.ActiveCfg = Release|Any CPU
		{FFDB93BB-C701-4995-8FED-EA8CC41D73EC}.Trace|x64.Build.0 = Release|Any CPU
		{FFDB93BB-C701-4995-8FED-EA8CC41D73EC}.Trace|x86.ActiveCfg = Release|Any CPU
		{FFDB93BB-C701-4995-8FED-EA8CC41D73EC}.Trace|x86.Build.0 = Release|Any CPU
	EndGlobalSection
	GlobalSection(SolutionProperties) = preSolution
		HideSolutionNode = FALSE
	EndGlobalSection
EndGlobal
